
Microsoft Visual Studio Solution File, Format Version 12.00
# Visual Studio Version 17
VisualStudioVersion = 17.8.34330.188
MinimumVisualStudioVersion = 10.0.40219.1
Project("{FAE04EC0-301F-11D3-BF4B-00C04F79EFBC}") = "SignalR_Sample_MVC", "SignalR_Sample_MVC\SignalR_Sample_MVC.csproj", "{912D9CA5-3E99-49CD-8317-5E81FF1A3575}"
EndProject
Global
	GlobalSection(SolutionConfigurationPlatforms) = preSolution
		Debug|Any CPU = Debug|Any CPU
		Release|Any CPU = Release|Any CPU
	EndGlobalSection
	GlobalSection(ProjectConfigurationPlatforms) = postSolution
		{912D9CA5-3E99-49CD-8317-5E81FF1A3575}.Debug|Any CPU.ActiveCfg = Debug|Any CPU
		{912D9CA5-3E99-49CD-8317-5E81FF1A3575}.Debug|Any CPU.Build.0 = Debug|Any CPU
		{912D9CA5-3E99-49CD-8317-5E81FF1A3575}.Release|Any CPU.ActiveCfg = Release|Any CPU
		{912D9CA5-3E99-49CD-8317-5E81FF1A3575}.Release|Any CPU.Build.0 = Release|Any CPU
	EndGlobalSection
	GlobalSection(SolutionProperties) = preSolution
		HideSolutionNode = FALSE
	EndGlobalSection
	GlobalSection(ExtensibilityGlobals) = postSolution
		SolutionGuid = {A2348C70-B3F6-4AC9-85F8-2C9D75D6C7AE}
	EndGlobalSection
EndGlobal
